
Microsoft Visual Studio Solution File, Format Version 12.00
# Visual Studio Version 16
VisualStudioVersion = 16.0.32126.315
MinimumVisualStudioVersion = 10.0.40219.1
Project("{FAE04EC0-301F-11D3-BF4B-00C04F79EFBC}") = "KMS", "KMS.csproj", "{A7E7195B-F7A3-44B1-885F-DC221489EA42}"
EndProject
Global
	GlobalSection(SolutionConfigurationPlatforms) = preSolution
		Debug|Any CPU = Debug|Any CPU
		Release|Any CPU = Release|Any CPU
	EndGlobalSection
	GlobalSection(ProjectConfigurationPlatforms) = postSolution
		{A7E7195B-F7A3-44B1-885F-DC221489EA42}.Debug|Any CPU.ActiveCfg = Debug|Any CPU
		{A7E7195B-F7A3-44B1-885F-DC221489EA42}.Debug|Any CPU.Build.0 = Debug|Any CPU
		{A7E7195B-F7A3-44B1-885F-DC221489EA42}.Release|Any CPU.ActiveCfg = Release|Any CPU
		{A7E7195B-F7A3-44B1-885F-DC221489EA42}.Release|Any CPU.Build.0 = Release|Any CPU
	EndGlobalSection
	GlobalSection(SolutionProperties) = preSolution
		HideSolutionNode = FALSE
	EndGlobalSection
	GlobalSection(ExtensibilityGlobals) = postSolution
		SolutionGuid = {E7DE6A20-3476-492E-B5FF-6EC36989BB70}
	EndGlobalSection
EndGlobal
